# THIS IS AN AUTOGENERATED FILE. DO NOT EDIT THIS FILE DIRECTLY.
# yarn lockfile v1


"@e965/xlsx@^0.20.2":
  version "0.20.3"
  resolved "https://registry.yarnpkg.com/@e965/xlsx/-/xlsx-0.20.3.tgz#4577f2c7691137d3e315018218ba2b76e4721ba9"
  integrity sha512-703RN/3OdsRD5mtse2HBX7Um7xwaP9tlswEG6svOtjqokXoX7rJdQj7DyabD2I+xk22RgaIIU+R6BHgkpZGB/w==

prettier@^3.2.5:
  version "3.2.5"
  resolved "https://registry.yarnpkg.com/prettier/-/prettier-3.2.5.tgz#e52bc3090586e824964a8813b09aba6233b28368"
  integrity sha512-3/GWa9aOC0YeD7LUfvOG2NiDyhOWRvt1k+rcKhOuYnMY24iiCphgneUfJDyFXd6rZCAnuLBv6UeAULtrhT/F4A==
